
Microsoft Visual Studio Solution File, Format Version 12.00
# Visual Studio Version 16
VisualStudioVersion = 16.0.30114.105
MinimumVisualStudioVersion = 10.0.40219.1
Project("{FAE04EC0-301F-11D3-BF4B-00C04F79EFBC}") = "SpellTheNumber", "SpellTheNumber.csproj", "{257073E6-C9C2-49FF-A9FC-061DDFD3C816}"
EndProject
Global
	GlobalSection(SolutionConfigurationPlatforms) = preSolution
		Debug|Any CPU = Debug|Any CPU
		Release|Any CPU = Release|Any CPU
	EndGlobalSection
	GlobalSection(ProjectConfigurationPlatforms) = postSolution
		{257073E6-C9C2-49FF-A9FC-061DDFD3C816}.Debug|Any CPU.ActiveCfg = Debug|Any CPU
		{257073E6-C9C2-49FF-A9FC-061DDFD3C816}.Debug|Any CPU.Build.0 = Debug|Any CPU
		{257073E6-C9C2-49FF-A9FC-061DDFD3C816}.Release|Any CPU.ActiveCfg = Release|Any CPU
		{257073E6-C9C2-49FF-A9FC-061DDFD3C816}.Release|Any CPU.Build.0 = Release|Any CPU
	EndGlobalSection
	GlobalSection(SolutionProperties) = preSolution
		HideSolutionNode = FALSE
	EndGlobalSection
	GlobalSection(ExtensibilityGlobals) = postSolution
		SolutionGuid = {49CA4C4B-EA4F-43FE-AA29-D96FA951C775}
	EndGlobalSection
EndGlobal
